
Microsoft Visual Studio Solution File, Format Version 12.00
# Visual Studio Version 17
VisualStudioVersion = 17.0.31903.59
MinimumVisualStudioVersion = 10.0.40219.1
Project("{2150E333-8FDC-42A3-9474-1A3956D46DE8}") = "src", "src", "{827E0CD3-B72D-47B6-A68D-7590B98EB39B}"
EndProject
Project("{2150E333-8FDC-42A3-9474-1A3956D46DE8}") = "Core", "Core", "{8D626EA8-CB54-BC41-363A-217881BEBA6E}"
EndProject
Project("{FAE04EC0-301F-11D3-BF4B-00C04F79EFBC}") = "NovelTTSApp.Core", "src\Core\NovelTTSApp.Core.csproj", "{0EB62010-B4A8-4C0B-9F2D-CF8CA300DD29}"
EndProject
Project("{2150E333-8FDC-42A3-9474-1A3956D46DE8}") = "Infrastructure", "Infrastructure", "{9048EB7F-3875-A59E-E36B-5BD4C6F2A282}"
EndProject
Project("{FAE04EC0-301F-11D3-BF4B-00C04F79EFBC}") = "NovelTTSApp.Infrastructure", "src\Infrastructure\NovelTTSApp.Infrastructure.csproj", "{54C46DEF-30AC-4697-B299-CABFAD02E7DA}"
EndProject
Project("{2150E333-8FDC-42A3-9474-1A3956D46DE8}") = "App", "App", "{547E75E0-49BC-27F6-65D6-DF25CFFB661A}"
EndProject
Project("{FAE04EC0-301F-11D3-BF4B-00C04F79EFBC}") = "NovelTTSApp.App", "src\App\NovelTTSApp.App.csproj", "{A62897C3-8A5D-413C-BF5C-70289B85206E}"
EndProject
Global
	GlobalSection(SolutionConfigurationPlatforms) = preSolution
		Debug|Any CPU = Debug|Any CPU
		Debug|x64 = Debug|x64
		Debug|x86 = Debug|x86
		Release|Any CPU = Release|Any CPU
		Release|x64 = Release|x64
		Release|x86 = Release|x86
	EndGlobalSection
	GlobalSection(ProjectConfigurationPlatforms) = postSolution
		{0EB62010-B4A8-4C0B-9F2D-CF8CA300DD29}.Debug|Any CPU.ActiveCfg = Debug|Any CPU
		{0EB62010-B4A8-4C0B-9F2D-CF8CA300DD29}.Debug|Any CPU.Build.0 = Debug|Any CPU
		{0EB62010-B4A8-4C0B-9F2D-CF8CA300DD29}.Debug|x64.ActiveCfg = Debug|Any CPU
		{0EB62010-B4A8-4C0B-9F2D-CF8CA300DD29}.Debug|x64.Build.0 = Debug|Any CPU
		{0EB62010-B4A8-4C0B-9F2D-CF8CA300DD29}.Debug|x86.ActiveCfg = Debug|Any CPU
		{0EB62010-B4A8-4C0B-9F2D-CF8CA300DD29}.Debug|x86.Build.0 = Debug|Any CPU
		{0EB62010-B4A8-4C0B-9F2D-CF8CA300DD29}.Release|Any CPU.ActiveCfg = Release|Any CPU
		{0EB62010-B4A8-4C0B-9F2D-CF8CA300DD29}.Release|Any CPU.Build.0 = Release|Any CPU
		{0EB62010-B4A8-4C0B-9F2D-CF8CA300DD29}.Release|x64.ActiveCfg = Release|Any CPU
		{0EB62010-B4A8-4C0B-9F2D-CF8CA300DD29}.Release|x64.Build.0 = Release|Any CPU
		{0EB62010-B4A8-4C0B-9F2D-CF8CA300DD29}.Release|x86.ActiveCfg = Release|Any CPU
		{0EB62010-B4A8-4C0B-9F2D-CF8CA300DD29}.Release|x86.Build.0 = Release|Any CPU
		{54C46DEF-30AC-4697-B299-CABFAD02E7DA}.Debug|Any CPU.ActiveCfg = Debug|Any CPU
		{54C46DEF-30AC-4697-B299-CABFAD02E7DA}.Debug|Any CPU.Build.0 = Debug|Any CPU
		{54C46DEF-30AC-4697-B299-CABFAD02E7DA}.Debug|x64.ActiveCfg = Debug|Any CPU
		{54C46DEF-30AC-4697-B299-CABFAD02E7DA}.Debug|x64.Build.0 = Debug|Any CPU
		{54C46DEF-30AC-4697-B299-CABFAD02E7DA}.Debug|x86.ActiveCfg = Debug|Any CPU
		{54C46DEF-30AC-4697-B299-CABFAD02E7DA}.Debug|x86.Build.0 = Debug|Any CPU
		{54C46DEF-30AC-4697-B299-CABFAD02E7DA}.Release|Any CPU.ActiveCfg = Release|Any CPU
		{54C46DEF-30AC-4697-B299-CABFAD02E7DA}.Release|Any CPU.Build.0 = Release|Any CPU
		{54C46DEF-30AC-4697-B299-CABFAD02E7DA}.Release|x64.ActiveCfg = Release|Any CPU
		{54C46DEF-30AC-4697-B299-CABFAD02E7DA}.Release|x64.Build.0 = Release|Any CPU
		{54C46DEF-30AC-4697-B299-CABFAD02E7DA}.Release|x86.ActiveCfg = Release|Any CPU
		{54C46DEF-30AC-4697-B299-CABFAD02E7DA}.Release|x86.Build.0 = Release|Any CPU
		{A62897C3-8A5D-413C-BF5C-70289B85206E}.Debug|Any CPU.ActiveCfg = Debug|Any CPU
		{A62897C3-8A5D-413C-BF5C-70289B85206E}.Debug|Any CPU.Build.0 = Debug|Any CPU
		{A62897C3-8A5D-413C-BF5C-70289B85206E}.Debug|x64.ActiveCfg = Debug|Any CPU
		{A62897C3-8A5D-413C-BF5C-70289B85206E}.Debug|x64.Build.0 = Debug|Any CPU
		{A62897C3-8A5D-413C-BF5C-70289B85206E}.Debug|x86.ActiveCfg = Debug|Any CPU
		{A62897C3-8A5D-413C-BF5C-70289B85206E}.Debug|x86.Build.0 = Debug|Any CPU
		{A62897C3-8A5D-413C-BF5C-70289B85206E}.Release|Any CPU.ActiveCfg = Release|Any CPU
		{A62897C3-8A5D-413C-BF5C-70289B85206E}.Release|Any CPU.Build.0 = Release|Any CPU
		{A62897C3-8A5D-413C-BF5C-70289B85206E}.Release|x64.ActiveCfg = Release|Any CPU
		{A62897C3-8A5D-413C-BF5C-70289B85206E}.Release|x64.Build.0 = Release|Any CPU
		{A62897C3-8A5D-413C-BF5C-70289B85206E}.Release|x86.ActiveCfg = Release|Any CPU
		{A62897C3-8A5D-413C-BF5C-70289B85206E}.Release|x86.Build.0 = Release|Any CPU
	EndGlobalSection
	GlobalSection(SolutionProperties) = preSolution
		HideSolutionNode = FALSE
	EndGlobalSection
	GlobalSection(NestedProjects) = preSolution
		{8D626EA8-CB54-BC41-363A-217881BEBA6E} = {827E0CD3-B72D-47B6-A68D-7590B98EB39B}
		{0EB62010-B4A8-4C0B-9F2D-CF8CA300DD29} = {8D626EA8-CB54-BC41-363A-217881BEBA6E}
		{9048EB7F-3875-A59E-E36B-5BD4C6F2A282} = {827E0CD3-B72D-47B6-A68D-7590B98EB39B}
		{54C46DEF-30AC-4697-B299-CABFAD02E7DA} = {9048EB7F-3875-A59E-E36B-5BD4C6F2A282}
		{547E75E0-49BC-27F6-65D6-DF25CFFB661A} = {827E0CD3-B72D-47B6-A68D-7590B98EB39B}
		{A62897C3-8A5D-413C-BF5C-70289B85206E} = {547E75E0-49BC-27F6-65D6-DF25CFFB661A}
	EndGlobalSection
EndGlobal
